
Microsoft Visual Studio Solution File, Format Version 12.00
# Visual Studio Version 16
VisualStudioVersion = 16.0.30804.86
MinimumVisualStudioVersion = 10.0.40219.1
Project("{FAE04EC0-301F-11D3-BF4B-00C04F79EFBC}") = "gRPCClientExample", "gRPCClientExample\gRPCClientExample.csproj", "{3842128E-588D-4A80-A3A2-95657001CBDA}"
EndProject
Global
	GlobalSection(SolutionConfigurationPlatforms) = preSolution
		Debug|Any CPU = Debug|Any CPU
		Release|Any CPU = Release|Any CPU
	EndGlobalSection
	GlobalSection(ProjectConfigurationPlatforms) = postSolution
		{3842128E-588D-4A80-A3A2-95657001CBDA}.Debug|Any CPU.ActiveCfg = Debug|Any CPU
		{3842128E-588D-4A80-A3A2-95657001CBDA}.Debug|Any CPU.Build.0 = Debug|Any CPU
		{3842128E-588D-4A80-A3A2-95657001CBDA}.Release|Any CPU.ActiveCfg = Release|Any CPU
		{3842128E-588D-4A80-A3A2-95657001CBDA}.Release|Any CPU.Build.0 = Release|Any CPU
	EndGlobalSection
	GlobalSection(SolutionProperties) = preSolution
		HideSolutionNode = FALSE
	EndGlobalSection
	GlobalSection(ExtensibilityGlobals) = postSolution
		SolutionGuid = {DB4686C8-60E8-44C7-802A-25030E18A459}
	EndGlobalSection
EndGlobal
